{
  "name": "plantuml-little-wasm-backend-support",
  "version": "0.0.0",
  "lockfileVersion": 3,
  "requires": true,
  "packages": {
    "": {
      "name": "plantuml-little-wasm-backend-support",
      "version": "0.0.0",
      "dependencies": {
        "@kookyleo/graphviz-anywhere-web": "0.1.8"
      }
    },
    "node_modules/@kookyleo/graphviz-anywhere-web": {
      "version": "0.1.8",
      "resolved": "https://registry.npmjs.org/@kookyleo/graphviz-anywhere-web/-/graphviz-anywhere-web-0.1.8.tgz",
      "integrity": "sha512-TglGhQJh1zAdXtKslqVSwXgEgwgy7RfovqTmx/QePrGK73w6evvN5aMQwSnHqWR4vQVhevi+QMGPQMPVpj/BHA==",
      "license": "Apache-2.0"
    }
  }
}
